
Microsoft Visual Studio Solution File, Format Version 12.00
Project("{2150E333-8FDC-42A3-9474-1A3956D46DE8}") = "src", "src", "{827E0CD3-B72D-47B6-A68D-7590B98EB39B}"
EndProject
Project("{FAE04EC0-301F-11D3-BF4B-00C04F79EFBC}") = "Domain", "src\Domain\Domain.csproj", "{ECD66BAF-C5ED-4A26-8C33-55EBB34D7A79}"
EndProject
Project("{FAE04EC0-301F-11D3-BF4B-00C04F79EFBC}") = "Application", "src\Application\Application.csproj", "{BEFE8CCD-1076-406C-A28E-A24DDDBE7AF4}"
EndProject
Project("{FAE04EC0-301F-11D3-BF4B-00C04F79EFBC}") = "Infrastructure", "src\Infrastructure\Infrastructure.csproj", "{6F40898A-F4A7-4D13-98E8-94462B79A24E}"
EndProject
Project("{FAE04EC0-301F-11D3-BF4B-00C04F79EFBC}") = "Bootstrap", "src\Bootstrap\Bootstrap.csproj", "{D11ED35C-26EA-4874-BB12-F13876172778}"
EndProject
Project("{FAE04EC0-301F-11D3-BF4B-00C04F79EFBC}") = "Presentation.Console", "src\Presentation.Console\Presentation.Console.csproj", "{5C8857B7-171C-442B-B442-422F458DE350}"
EndProject
Project("{FAE04EC0-301F-11D3-BF4B-00C04F79EFBC}") = "Domain.Tests", "tests\Domain.Tests\Domain.Tests.csproj", "{80290745-D935-4CB7-BBAA-6A719735BF16}"
EndProject
Project("{FAE04EC0-301F-11D3-BF4B-00C04F79EFBC}") = "Application.Tests", "tests\Application.Tests\Application.Tests.csproj", "{1162E522-FB29-486F-9966-502A1EB8026E}"
EndProject
Project("{FAE04EC0-301F-11D3-BF4B-00C04F79EFBC}") = "Infrastructure.Tests", "tests\Infrastructure.Tests\Infrastructure.Tests.csproj", "{26C375EE-05D4-4251-A8A4-DE8EC3762E2C}"
EndProject
Global
	GlobalSection(SolutionConfigurationPlatforms) = preSolution
		Debug|Any CPU = Debug|Any CPU
		Debug|x64 = Debug|x64
		Debug|x86 = Debug|x86
		Release|Any CPU = Release|Any CPU
		Release|x64 = Release|x64
		Release|x86 = Release|x86
	EndGlobalSection
	GlobalSection(ProjectConfigurationPlatforms) = postSolution
		{ECD66BAF-C5ED-4A26-8C33-55EBB34D7A79}.Debug|Any CPU.ActiveCfg = Debug|Any CPU
		{ECD66BAF-C5ED-4A26-8C33-55EBB34D7A79}.Debug|Any CPU.Build.0 = Debug|Any CPU
		{ECD66BAF-C5ED-4A26-8C33-55EBB34D7A79}.Debug|x64.ActiveCfg = Debug|Any CPU
		{ECD66BAF-C5ED-4A26-8C33-55EBB34D7A79}.Debug|x64.Build.0 = Debug|Any CPU
		{ECD66BAF-C5ED-4A26-8C33-55EBB34D7A79}.Debug|x86.ActiveCfg = Debug|Any CPU
		{ECD66BAF-C5ED-4A26-8C33-55EBB34D7A79}.Debug|x86.Build.0 = Debug|Any CPU
		{ECD66BAF-C5ED-4A26-8C33-55EBB34D7A79}.Release|Any CPU.ActiveCfg = Release|Any CPU
		{ECD66BAF-C5ED-4A26-8C33-55EBB34D7A79}.Release|Any CPU.Build.0 = Release|Any CPU
		{ECD66BAF-C5ED-4A26-8C33-55EBB34D7A79}.Release|x64.ActiveCfg = Release|Any CPU
		{ECD66BAF-C5ED-4A26-8C33-55EBB34D7A79}.Release|x64.Build.0 = Release|Any CPU
		{ECD66BAF-C5ED-4A26-8C33-55EBB34D7A79}.Release|x86.ActiveCfg = Release|Any CPU
		{ECD66BAF-C5ED-4A26-8C33-55EBB34D7A79}.Release|x86.Build.0 = Release|Any CPU
		{BEFE8CCD-1076-406C-A28E-A24DDDBE7AF4}.Debug|Any CPU.ActiveCfg = Debug|Any CPU
		{BEFE8CCD-1076-406C-A28E-A24DDDBE7AF4}.Debug|Any CPU.Build.0 = Debug|Any CPU
		{BEFE8CCD-1076-406C-A28E-A24DDDBE7AF4}.Debug|x64.ActiveCfg = Debug|Any CPU
		{BEFE8CCD-1076-406C-A28E-A24DDDBE7AF4}.Debug|x64.Build.0 = Debug|Any CPU
		{BEFE8CCD-1076-406C-A28E-A24DDDBE7AF4}.Debug|x86.ActiveCfg = Debug|Any CPU
		{BEFE8CCD-1076-406C-A28E-A24DDDBE7AF4}.Debug|x86.Build.0 = Debug|Any CPU
		{BEFE8CCD-1076-406C-A28E-A24DDDBE7AF4}.Release|Any CPU.ActiveCfg = Release|Any CPU
		{BEFE8CCD-1076-406C-A28E-A24DDDBE7AF4}.Release|Any CPU.Build.0 = Release|Any CPU
		{BEFE8CCD-1076-406C-A28E-A24DDDBE7AF4}.Release|x64.ActiveCfg = Release|Any CPU
		{BEFE8CCD-1076-406C-A28E-A24DDDBE7AF4}.Release|x64.Build.0 = Release|Any CPU
		{BEFE8CCD-1076-406C-A28E-A24DDDBE7AF4}.Release|x86.ActiveCfg = Release|Any CPU
		{BEFE8CCD-1076-406C-A28E-A24DDDBE7AF4}.Release|x86.Build.0 = Release|Any CPU
		{6F40898A-F4A7-4D13-98E8-94462B79A24E}.Debug|Any CPU.ActiveCfg = Debug|Any CPU
		{6F40898A-F4A7-4D13-98E8-94462B79A24E}.Debug|Any CPU.Build.0 = Debug|Any CPU
		{6F40898A-F4A7-4D13-98E8-94462B79A24E}.Debug|x64.ActiveCfg = Debug|Any CPU
		{6F40898A-F4A7-4D13-98E8-94462B79A24E}.Debug|x64.Build.0 = Debug|Any CPU
		{6F40898A-F4A7-4D13-98E8-94462B79A24E}.Debug|x86.ActiveCfg = Debug|Any CPU
		{6F40898A-F4A7-4D13-98E8-94462B79A24E}.Debug|x86.Build.0 = Debug|Any CPU
		{6F40898A-F4A7-4D13-98E8-94462B79A24E}.Release|Any CPU.ActiveCfg = Release|Any CPU
		{6F40898A-F4A7-4D13-98E8-94462B79A24E}.Release|Any CPU.Build.0 = Release|Any CPU
		{6F40898A-F4A7-4D13-98E8-94462B79A24E}.Release|x64.ActiveCfg = Release|Any CPU
		{6F40898A-F4A7-4D13-98E8-94462B79A24E}.Release|x64.Build.0 = Release|Any CPU
		{6F40898A-F4A7-4D13-98E8-94462B79A24E}.Release|x86.ActiveCfg = Release|Any CPU
		{6F40898A-F4A7-4D13-98E8-94462B79A24E}.Release|x86.Build.0 = Release|Any CPU
		{D11ED35C-26EA-4874-BB12-F13876172778}.Debug|Any CPU.ActiveCfg = Debug|Any CPU
		{D11ED35C-26EA-4874-BB12-F13876172778}.Debug|Any CPU.Build.0 = Debug|Any CPU
		{D11ED35C-26EA-4874-BB12-F13876172778}.Debug|x64.ActiveCfg = Debug|Any CPU
		{D11ED35C-26EA-4874-BB12-F13876172778}.Debug|x64.Build.0 = Debug|Any CPU
		{D11ED35C-26EA-4874-BB12-F13876172778}.Debug|x86.ActiveCfg = Debug|Any CPU
		{D11ED35C-26EA-4874-BB12-F13876172778}.Debug|x86.Build.0 = Debug|Any CPU
		{D11ED35C-26EA-4874-BB12-F13876172778}.Release|Any CPU.ActiveCfg = Release|Any CPU
		{D11ED35C-26EA-4874-BB12-F13876172778}.Release|Any CPU.Build.0 = Release|Any CPU
		{D11ED35C-26EA-4874-BB12-F13876172778}.Release|x64.ActiveCfg = Release|Any CPU
		{D11ED35C-26EA-4874-BB12-F13876172778}.Release|x64.Build.0 = Release|Any CPU
		{D11ED35C-26EA-4874-BB12-F13876172778}.Release|x86.ActiveCfg = Release|Any CPU
		{D11ED35C-26EA-4874-BB12-F13876172778}.Release|x86.Build.0 = Release|Any CPU
		{5C8857B7-171C-442B-B442-422F458DE350}.Debug|Any CPU.ActiveCfg = Debug|Any CPU
		{5C8857B7-171C-442B-B442-422F458DE350}.Debug|Any CPU.Build.0 = Debug|Any CPU
		{5C8857B7-171C-442B-B442-422F458DE350}.Debug|x64.ActiveCfg = Debug|Any CPU
		{5C8857B7-171C-442B-B442-422F458DE350}.Debug|x64.Build.0 = Debug|Any CPU
		{5C8857B7-171C-442B-B442-422F458DE350}.Debug|x86.ActiveCfg = Debug|Any CPU
		{5C8857B7-171C-442B-B442-422F458DE350}.Debug|x86.Build.0 = Debug|Any CPU
		{5C8857B7-171C-442B-B442-422F458DE350}.Release|Any CPU.ActiveCfg = Release|Any CPU
		{5C8857B7-171C-442B-B442-422F458DE350}.Release|Any CPU.Build.0 = Release|Any CPU
		{5C8857B7-171C-442B-B442-422F458DE350}.Release|x64.ActiveCfg = Release|Any CPU
		{5C8857B7-171C-442B-B442-422F458DE350}.Release|x64.Build.0 = Release|Any CPU
		{5C8857B7-171C-442B-B442-422F458DE350}.Release|x86.ActiveCfg = Release|Any CPU
		{5C8857B7-171C-442B-B442-422F458DE350}.Release|x86.Build.0 = Release|Any CPU
		{80290745-D935-4CB7-BBAA-6A719735BF16}.Debug|Any CPU.ActiveCfg = Debug|Any CPU
		{80290745-D935-4CB7-BBAA-6A719735BF16}.Debug|Any CPU.Build.0 = Debug|Any CPU
		{80290745-D935-4CB7-BBAA-6A719735BF16}.Debug|x64.ActiveCfg = Debug|Any CPU
		{80290745-D935-4CB7-BBAA-6A719735BF16}.Debug|x64.Build.0 = Debug|Any CPU
		{80290745-D935-4CB7-BBAA-6A719735BF16}.Debug|x86.ActiveCfg = Debug|Any CPU
		{80290745-D935-4CB7-BBAA-6A719735BF16}.Debug|x86.Build.0 = Debug|Any CPU
		{80290745-D935-4CB7-BBAA-6A719735BF16}.Release|Any CPU.ActiveCfg = Release|Any CPU
		{80290745-D935-4CB7-BBAA-6A719735BF16}.Release|Any CPU.Build.0 = Release|Any CPU
		{80290745-D935-4CB7-BBAA-6A719735BF16}.Release|x64.ActiveCfg = Release|Any CPU
		{80290745-D935-4CB7-BBAA-6A719735BF16}.Release|x64.Build.0 = Release|Any CPU
		{80290745-D935-4CB7-BBAA-6A719735BF16}.Release|x86.ActiveCfg = Release|Any CPU
		{80290745-D935-4CB7-BBAA-6A719735BF16}.Release|x86.Build.0 = Release|Any CPU
		{1162E522-FB29-486F-9966-502A1EB8026E}.Debug|Any CPU.ActiveCfg = Debug|Any CPU
		{1162E522-FB29-486F-9966-502A1EB8026E}.Debug|Any CPU.Build.0 = Debug|Any CPU
		{1162E522-FB29-486F-9966-502A1EB8026E}.Debug|x64.ActiveCfg = Debug|Any CPU
		{1162E522-FB29-486F-9966-502A1EB8026E}.Debug|x64.Build.0 = Debug|Any CPU
		{1162E522-FB29-486F-9966-502A1EB8026E}.Debug|x86.ActiveCfg = Debug|Any CPU
		{1162E522-FB29-486F-9966-502A1EB8026E}.Debug|x86.Build.0 = Debug|Any CPU
		{1162E522-FB29-486F-9966-502A1EB8026E}.Release|Any CPU.ActiveCfg = Release|Any CPU
		{1162E522-FB29-486F-9966-502A1EB8026E}.Release|Any CPU.Build.0 = Release|Any CPU
		{1162E522-FB29-486F-9966-502A1EB8026E}.Release|x64.ActiveCfg = Release|Any CPU
		{1162E522-FB29-486F-9966-502A1EB8026E}.Release|x64.Build.0 = Release|Any CPU
		{1162E522-FB29-486F-9966-502A1EB8026E}.Release|x86.ActiveCfg = Release|Any CPU
		{1162E522-FB29-486F-9966-502A1EB8026E}.Release|x86.Build.0 = Release|Any CPU
		{26C375EE-05D4-4251-A8A4-DE8EC3762E2C}.Debug|Any CPU.ActiveCfg = Debug|Any CPU
		{26C375EE-05D4-4251-A8A4-DE8EC3762E2C}.Debug|Any CPU.Build.0 = Debug|Any CPU
		{26C375EE-05D4-4251-A8A4-DE8EC3762E2C}.Debug|x64.ActiveCfg = Debug|Any CPU
		{26C375EE-05D4-4251-A8A4-DE8EC3762E2C}.Debug|x64.Build.0 = Debug|Any CPU
		{26C375EE-05D4-4251-A8A4-DE8EC3762E2C}.Debug|x86.ActiveCfg = Debug|Any CPU
		{26C375EE-05D4-4251-A8A4-DE8EC3762E2C}.Debug|x86.Build.0 = Debug|Any CPU
		{26C375EE-05D4-4251-A8A4-DE8EC3762E2C}.Release|Any CPU.ActiveCfg = Release|Any CPU
		{26C375EE-05D4-4251-A8A4-DE8EC3762E2C}.Release|Any CPU.Build.0 = Release|Any CPU
		{26C375EE-05D4-4251-A8A4-DE8EC3762E2C}.Release|x64.ActiveCfg = Release|Any CPU
		{26C375EE-05D4-4251-A8A4-DE8EC3762E2C}.Release|x64.Build.0 = Release|Any CPU
		{26C375EE-05D4-4251-A8A4-DE8EC3762E2C}.Release|x86.ActiveCfg = Release|Any CPU
		{26C375EE-05D4-4251-A8A4-DE8EC3762E2C}.Release|x86.Build.0 = Release|Any CPU
	EndGlobalSection
	GlobalSection(SolutionProperties) = preSolution
		HideSolutionNode = FALSE
	EndGlobalSection
	GlobalSection(NestedProjects) = preSolution
		{ECD66BAF-C5ED-4A26-8C33-55EBB34D7A79} = {827E0CD3-B72D-47B6-A68D-7590B98EB39B}
		{BEFE8CCD-1076-406C-A28E-A24DDDBE7AF4} = {827E0CD3-B72D-47B6-A68D-7590B98EB39B}
		{6F40898A-F4A7-4D13-98E8-94462B79A24E} = {827E0CD3-B72D-47B6-A68D-7590B98EB39B}
		{D11ED35C-26EA-4874-BB12-F13876172778} = {827E0CD3-B72D-47B6-A68D-7590B98EB39B}
		{5C8857B7-171C-442B-B442-422F458DE350} = {827E0CD3-B72D-47B6-A68D-7590B98EB39B}
		{80290745-D935-4CB7-BBAA-6A719735BF16} = {827E0CD3-B72D-47B6-A68D-7590B98EB39B}
		{1162E522-FB29-486F-9966-502A1EB8026E} = {827E0CD3-B72D-47B6-A68D-7590B98EB39B}
		{26C375EE-05D4-4251-A8A4-DE8EC3762E2C} = {827E0CD3-B72D-47B6-A68D-7590B98EB39B}
	EndGlobalSection
EndGlobal
